{
    "composer/xdebug-handler": {
        "version": "1.4.0"
    },
    "jean85/pretty-package-versions": {
        "version": "1.2"
    },
    "nette/application": {
        "version": "v3.0.4"
    },
    "nette/component-model": {
        "version": "v3.0.0"
    },
    "nette/finder": {
        "version": "v2.5.2"
    },
    "nette/http": {
        "version": "v3.0.3"
    },
    "nette/robot-loader": {
        "version": "v3.2.1"
    },
    "nette/routing": {
        "version": "v3.0.0"
    },
    "nette/utils": {
        "version": "v3.1.0"
    },
    "ondram/ci-detector": {
        "version": "3.1.1"
    },
    "php": {
        "version": "7.4"
    },
    "phpstan/phpdoc-parser": {
        "version": "0.4.2"
    },
    "phpstan/phpstan-phpunit": {
        "version": "0.12.6"
    },
    "rector/rector": {
        "version": "v0.6.13"
    },
    "symfony/process": {
        "version": "v5.0.3"
    },
    "symplify/auto-bind-parameter": {
        "version": "v7.2.2"
    },
    "symplify/autowire-array-parameter": {
        "version": "v7.2.2"
    },
    "symplify/package-builder": {
        "version": "v7.2.2"
    },
    "symplify/set-config-resolver": {
        "version": "v7.2.2"
    },
    "symplify/smart-file-system": {
        "version": "v7.2.2"
    }
}
